
Microsoft Visual Studio Solution File, Format Version 12.00
# Visual Studio Version 16
VisualStudioVersion = 16.0.29318.209
MinimumVisualStudioVersion = 10.0.40219.1
Project("{FAE04EC0-301F-11D3-BF4B-00C04F79EFBC}") = "hpstoretest", "hpstoretest.csproj", "{97E4F7F1-FFB6-46DC-BAE8-5FC5D1265ED4}"
EndProject
Global
	GlobalSection(SolutionConfigurationPlatforms) = preSolution
		Debug|Any CPU = Debug|Any CPU
		Release|Any CPU = Release|Any CPU
	EndGlobalSection
	GlobalSection(ProjectConfigurationPlatforms) = postSolution
		{97E4F7F1-FFB6-46DC-BAE8-5FC5D1265ED4}.Debug|Any CPU.ActiveCfg = Debug|Any CPU
		{97E4F7F1-FFB6-46DC-BAE8-5FC5D1265ED4}.Debug|Any CPU.Build.0 = Debug|Any CPU
		{97E4F7F1-FFB6-46DC-BAE8-5FC5D1265ED4}.Release|Any CPU.ActiveCfg = Release|Any CPU
		{97E4F7F1-FFB6-46DC-BAE8-5FC5D1265ED4}.Release|Any CPU.Build.0 = Release|Any CPU
	EndGlobalSection
	GlobalSection(SolutionProperties) = preSolution
		HideSolutionNode = FALSE
	EndGlobalSection
	GlobalSection(ExtensibilityGlobals) = postSolution
		SolutionGuid = {AEC714A2-BFC4-4BF5-9801-E4D9F9A2FBF4}
	EndGlobalSection
EndGlobal
